
Microsoft Visual Studio Solution File, Format Version 12.00
# Visual Studio 2012
Project("{FAE04EC0-301F-11D3-BF4B-00C04F79EFBC}") = "RocketChatPCL", "RocketChatPCL.csproj", "{54C707AE-FE4F-4347-B8BB-BEF74FF3FE74}"
EndProject
Project("{FAE04EC0-301F-11D3-BF4B-00C04F79EFBC}") = "RocketChatPCL.iOS", "RocketChatPCL.iOS\RocketChatPCL.iOS.csproj", "{CB0F2E09-28F5-41B0-B169-2FAFCA347112}"
EndProject
Project("{FAE04EC0-301F-11D3-BF4B-00C04F79EFBC}") = "RocketChatPCL.Android", "RocketChatPCL.Android\RocketChatPCL.Android.csproj", "{C2FEB515-C247-4C63-A31D-CD9B101F5E15}"
EndProject
Project("{FAE04EC0-301F-11D3-BF4B-00C04F79EFBC}") = "RocketChatPCL.iOS.Tests", "RocketChatPCL.iOS.Tests\RocketChatPCL.iOS.Tests.csproj", "{3B7B34B0-C628-4E6A-A892-A66AA98D654F}"
EndProject
Project("{2150E333-8FDC-42A3-9474-1A3956D46DE8}") = "Solution Items", "Solution Items", "{B87972C1-450E-4028-B2D6-A9660BEF0E5D}"
	ProjectSection(SolutionItems) = preProject
		RocketChatPCL.nuspec = RocketChatPCL.nuspec
		README.md = README.md
	EndProjectSection
EndProject
Global
	GlobalSection(SolutionConfigurationPlatforms) = preSolution
		Debug|Any CPU = Debug|Any CPU
		Release|Any CPU = Release|Any CPU
		Debug|iPhoneSimulator = Debug|iPhoneSimulator
		Release|iPhone = Release|iPhone
		Release|iPhoneSimulator = Release|iPhoneSimulator
		Debug|iPhone = Debug|iPhone
	EndGlobalSection
	GlobalSection(ProjectConfigurationPlatforms) = postSolution
		{54C707AE-FE4F-4347-B8BB-BEF74FF3FE74}.Debug|Any CPU.ActiveCfg = Debug|Any CPU
		{54C707AE-FE4F-4347-B8BB-BEF74FF3FE74}.Debug|Any CPU.Build.0 = Debug|Any CPU
		{54C707AE-FE4F-4347-B8BB-BEF74FF3FE74}.Release|Any CPU.ActiveCfg = Release|Any CPU
		{54C707AE-FE4F-4347-B8BB-BEF74FF3FE74}.Release|Any CPU.Build.0 = Release|Any CPU
		{54C707AE-FE4F-4347-B8BB-BEF74FF3FE74}.Debug|iPhoneSimulator.ActiveCfg = Debug|Any CPU
		{54C707AE-FE4F-4347-B8BB-BEF74FF3FE74}.Debug|iPhoneSimulator.Build.0 = Debug|Any CPU
		{54C707AE-FE4F-4347-B8BB-BEF74FF3FE74}.Release|iPhone.ActiveCfg = Release|Any CPU
		{54C707AE-FE4F-4347-B8BB-BEF74FF3FE74}.Release|iPhone.Build.0 = Release|Any CPU
		{54C707AE-FE4F-4347-B8BB-BEF74FF3FE74}.Release|iPhoneSimulator.ActiveCfg = Release|Any CPU
		{54C707AE-FE4F-4347-B8BB-BEF74FF3FE74}.Release|iPhoneSimulator.Build.0 = Release|Any CPU
		{54C707AE-FE4F-4347-B8BB-BEF74FF3FE74}.Debug|iPhone.ActiveCfg = Debug|Any CPU
		{54C707AE-FE4F-4347-B8BB-BEF74FF3FE74}.Debug|iPhone.Build.0 = Debug|Any CPU
		{CB0F2E09-28F5-41B0-B169-2FAFCA347112}.Debug|Any CPU.ActiveCfg = Debug|Any CPU
		{CB0F2E09-28F5-41B0-B169-2FAFCA347112}.Debug|Any CPU.Build.0 = Debug|Any CPU
		{CB0F2E09-28F5-41B0-B169-2FAFCA347112}.Release|Any CPU.ActiveCfg = Release|Any CPU
		{CB0F2E09-28F5-41B0-B169-2FAFCA347112}.Release|Any CPU.Build.0 = Release|Any CPU
		{CB0F2E09-28F5-41B0-B169-2FAFCA347112}.Debug|iPhoneSimulator.ActiveCfg = Debug|Any CPU
		{CB0F2E09-28F5-41B0-B169-2FAFCA347112}.Debug|iPhoneSimulator.Build.0 = Debug|Any CPU
		{CB0F2E09-28F5-41B0-B169-2FAFCA347112}.Release|iPhone.ActiveCfg = Release|Any CPU
		{CB0F2E09-28F5-41B0-B169-2FAFCA347112}.Release|iPhone.Build.0 = Release|Any CPU
		{CB0F2E09-28F5-41B0-B169-2FAFCA347112}.Release|iPhoneSimulator.ActiveCfg = Release|Any CPU
		{CB0F2E09-28F5-41B0-B169-2FAFCA347112}.Release|iPhoneSimulator.Build.0 = Release|Any CPU
		{CB0F2E09-28F5-41B0-B169-2FAFCA347112}.Debug|iPhone.ActiveCfg = Debug|Any CPU
		{CB0F2E09-28F5-41B0-B169-2FAFCA347112}.Debug|iPhone.Build.0 = Debug|Any CPU
		{C2FEB515-C247-4C63-A31D-CD9B101F5E15}.Debug|Any CPU.ActiveCfg = Debug|Any CPU
		{C2FEB515-C247-4C63-A31D-CD9B101F5E15}.Debug|Any CPU.Build.0 = Debug|Any CPU
		{C2FEB515-C247-4C63-A31D-CD9B101F5E15}.Release|Any CPU.ActiveCfg = Release|Any CPU
		{C2FEB515-C247-4C63-A31D-CD9B101F5E15}.Release|Any CPU.Build.0 = Release|Any CPU
		{C2FEB515-C247-4C63-A31D-CD9B101F5E15}.Debug|iPhoneSimulator.ActiveCfg = Debug|Any CPU
		{C2FEB515-C247-4C63-A31D-CD9B101F5E15}.Debug|iPhoneSimulator.Build.0 = Debug|Any CPU
		{C2FEB515-C247-4C63-A31D-CD9B101F5E15}.Release|iPhone.ActiveCfg = Release|Any CPU
		{C2FEB515-C247-4C63-A31D-CD9B101F5E15}.Release|iPhone.Build.0 = Release|Any CPU
		{C2FEB515-C247-4C63-A31D-CD9B101F5E15}.Release|iPhoneSimulator.ActiveCfg = Release|Any CPU
		{C2FEB515-C247-4C63-A31D-CD9B101F5E15}.Release|iPhoneSimulator.Build.0 = Release|Any CPU
		{C2FEB515-C247-4C63-A31D-CD9B101F5E15}.Debug|iPhone.ActiveCfg = Debug|Any CPU
		{C2FEB515-C247-4C63-A31D-CD9B101F5E15}.Debug|iPhone.Build.0 = Debug|Any CPU
		{3B7B34B0-C628-4E6A-A892-A66AA98D654F}.Debug|Any CPU.ActiveCfg = Debug|iPhoneSimulator
		{3B7B34B0-C628-4E6A-A892-A66AA98D654F}.Debug|Any CPU.Build.0 = Debug|iPhoneSimulator
		{3B7B34B0-C628-4E6A-A892-A66AA98D654F}.Release|Any CPU.ActiveCfg = Release|iPhone
		{3B7B34B0-C628-4E6A-A892-A66AA98D654F}.Release|Any CPU.Build.0 = Release|iPhone
		{3B7B34B0-C628-4E6A-A892-A66AA98D654F}.Debug|iPhoneSimulator.ActiveCfg = Debug|iPhoneSimulator
		{3B7B34B0-C628-4E6A-A892-A66AA98D654F}.Debug|iPhoneSimulator.Build.0 = Debug|iPhoneSimulator
		{3B7B34B0-C628-4E6A-A892-A66AA98D654F}.Release|iPhone.ActiveCfg = Release|iPhone
		{3B7B34B0-C628-4E6A-A892-A66AA98D654F}.Release|iPhone.Build.0 = Release|iPhone
		{3B7B34B0-C628-4E6A-A892-A66AA98D654F}.Release|iPhoneSimulator.ActiveCfg = Release|iPhoneSimulator
		{3B7B34B0-C628-4E6A-A892-A66AA98D654F}.Release|iPhoneSimulator.Build.0 = Release|iPhoneSimulator
		{3B7B34B0-C628-4E6A-A892-A66AA98D654F}.Debug|iPhone.ActiveCfg = Debug|iPhone
		{3B7B34B0-C628-4E6A-A892-A66AA98D654F}.Debug|iPhone.Build.0 = Debug|iPhone
	EndGlobalSection
	GlobalSection(MonoDevelopProperties) = preSolution
		Policies = $0
		$0.DotNetNamingPolicy = $1
		$1.DirectoryNamespaceAssociation = None
		$1.ResourceNamePolicy = FileFormatDefault
		version = 0.1.7
	EndGlobalSection
EndGlobal
